
Microsoft Visual Studio Solution File, Format Version 12.00
# Visual Studio Version 17
VisualStudioVersion = 17.8.34525.116
MinimumVisualStudioVersion = 10.0.40219.1
Project("{9A19103F-16F7-4668-BE54-9A1E7A4F7556}") = "Anikatze.Application", "Anikatze.Application\Anikatze.Application.csproj", "{0E47E61F-F775-47E2-A762-0E86F38CEE03}"
EndProject
Project("{FAE04EC0-301F-11D3-BF4B-00C04F79EFBC}") = "Anikatze.Webapi", "Anikatze.Webapi\Anikatze.Webapi.csproj", "{D2DF9668-5793-423E-98D9-B0DD83D64EC0}"
EndProject
Global
	GlobalSection(SolutionConfigurationPlatforms) = preSolution
		Debug|Any CPU = Debug|Any CPU
		Release|Any CPU = Release|Any CPU
	EndGlobalSection
	GlobalSection(ProjectConfigurationPlatforms) = postSolution
		{0E47E61F-F775-47E2-A762-0E86F38CEE03}.Debug|Any CPU.ActiveCfg = Debug|Any CPU
		{0E47E61F-F775-47E2-A762-0E86F38CEE03}.Debug|Any CPU.Build.0 = Debug|Any CPU
		{0E47E61F-F775-47E2-A762-0E86F38CEE03}.Release|Any CPU.ActiveCfg = Release|Any CPU
		{0E47E61F-F775-47E2-A762-0E86F38CEE03}.Release|Any CPU.Build.0 = Release|Any CPU
		{D2DF9668-5793-423E-98D9-B0DD83D64EC0}.Debug|Any CPU.ActiveCfg = Debug|Any CPU
		{D2DF9668-5793-423E-98D9-B0DD83D64EC0}.Debug|Any CPU.Build.0 = Debug|Any CPU
		{D2DF9668-5793-423E-98D9-B0DD83D64EC0}.Release|Any CPU.ActiveCfg = Release|Any CPU
		{D2DF9668-5793-423E-98D9-B0DD83D64EC0}.Release|Any CPU.Build.0 = Release|Any CPU
	EndGlobalSection
	GlobalSection(SolutionProperties) = preSolution
		HideSolutionNode = FALSE
	EndGlobalSection
	GlobalSection(ExtensibilityGlobals) = postSolution
		SolutionGuid = {5E702A71-BCA3-4E9B-B1D4-2C7C97AA3039}
	EndGlobalSection
EndGlobal
